
Microsoft Visual Studio Solution File, Format Version 12.00
# Visual Studio Version 16
VisualStudioVersion = 16.0.32630.194
MinimumVisualStudioVersion = 10.0.40219.1
Project("{FAE04EC0-301F-11D3-BF4B-00C04F79EFBC}") = "Kaleidoscopes", "Kaleidoscopes\Kaleidoscopes.csproj", "{6ED6C07A-6B56-4E9D-A802-EFD20B2DBA88}"
EndProject
Global
	GlobalSection(SolutionConfigurationPlatforms) = preSolution
		Debug|Any CPU = Debug|Any CPU
		Release|Any CPU = Release|Any CPU
	EndGlobalSection
	GlobalSection(ProjectConfigurationPlatforms) = postSolution
		{6ED6C07A-6B56-4E9D-A802-EFD20B2DBA88}.Debug|Any CPU.ActiveCfg = Debug|Any CPU
		{6ED6C07A-6B56-4E9D-A802-EFD20B2DBA88}.Debug|Any CPU.Build.0 = Debug|Any CPU
		{6ED6C07A-6B56-4E9D-A802-EFD20B2DBA88}.Release|Any CPU.ActiveCfg = Release|Any CPU
		{6ED6C07A-6B56-4E9D-A802-EFD20B2DBA88}.Release|Any CPU.Build.0 = Release|Any CPU
	EndGlobalSection
	GlobalSection(SolutionProperties) = preSolution
		HideSolutionNode = FALSE
	EndGlobalSection
	GlobalSection(ExtensibilityGlobals) = postSolution
		SolutionGuid = {DAE7EC00-F3E8-49CE-81BC-26DED46AEFAD}
	EndGlobalSection
EndGlobal
